
Microsoft Visual Studio Solution File, Format Version 12.00
# Visual Studio Version 17
VisualStudioVersion = 17.8.34309.116
MinimumVisualStudioVersion = 10.0.40219.1
Project("{FAE04EC0-301F-11D3-BF4B-00C04F79EFBC}") = "ThirdPartyIntegrationApp.Services", "ThirdPartyIntegrationApp.Services\ThirdPartyIntegrationApp.Services.csproj", "{6A3AF077-6FD7-4507-8DB9-2027F9ECD9C7}"
EndProject
Project("{FAE04EC0-301F-11D3-BF4B-00C04F79EFBC}") = "ThirdPartyIntegrationApp.Interfaces", "ThirdPartyIntegrationApp.Interfaces\ThirdPartyIntegrationApp.Interfaces.csproj", "{5097352B-E01F-4C5F-A0D3-77020BADA349}"
EndProject
Project("{FAE04EC0-301F-11D3-BF4B-00C04F79EFBC}") = "ThirdPartyIntegrationApp.Api", "ThirdPartyIntegrationApp.Api\ThirdPartyIntegrationApp.Api.csproj", "{CDE8FB6B-D947-4A82-8BBF-1ED4A746F13E}"
EndProject
Global
	GlobalSection(SolutionConfigurationPlatforms) = preSolution
		Debug|Any CPU = Debug|Any CPU
		Release|Any CPU = Release|Any CPU
	EndGlobalSection
	GlobalSection(ProjectConfigurationPlatforms) = postSolution
		{6A3AF077-6FD7-4507-8DB9-2027F9ECD9C7}.Debug|Any CPU.ActiveCfg = Debug|Any CPU
		{6A3AF077-6FD7-4507-8DB9-2027F9ECD9C7}.Debug|Any CPU.Build.0 = Debug|Any CPU
		{6A3AF077-6FD7-4507-8DB9-2027F9ECD9C7}.Release|Any CPU.ActiveCfg = Release|Any CPU
		{6A3AF077-6FD7-4507-8DB9-2027F9ECD9C7}.Release|Any CPU.Build.0 = Release|Any CPU
		{5097352B-E01F-4C5F-A0D3-77020BADA349}.Debug|Any CPU.ActiveCfg = Debug|Any CPU
		{5097352B-E01F-4C5F-A0D3-77020BADA349}.Debug|Any CPU.Build.0 = Debug|Any CPU
		{5097352B-E01F-4C5F-A0D3-77020BADA349}.Release|Any CPU.ActiveCfg = Release|Any CPU
		{5097352B-E01F-4C5F-A0D3-77020BADA349}.Release|Any CPU.Build.0 = Release|Any CPU
		{CDE8FB6B-D947-4A82-8BBF-1ED4A746F13E}.Debug|Any CPU.ActiveCfg = Debug|Any CPU
		{CDE8FB6B-D947-4A82-8BBF-1ED4A746F13E}.Debug|Any CPU.Build.0 = Debug|Any CPU
		{CDE8FB6B-D947-4A82-8BBF-1ED4A746F13E}.Release|Any CPU.ActiveCfg = Release|Any CPU
		{CDE8FB6B-D947-4A82-8BBF-1ED4A746F13E}.Release|Any CPU.Build.0 = Release|Any CPU
	EndGlobalSection
	GlobalSection(SolutionProperties) = preSolution
		HideSolutionNode = FALSE
	EndGlobalSection
	GlobalSection(ExtensibilityGlobals) = postSolution
		SolutionGuid = {D7D35B43-2CE2-4097-887A-12E5EB65BD12}
	EndGlobalSection
EndGlobal
